Microsoft Visual Studio Solution File, Format Version 12.00
# Visual Studio Version 17
VisualStudioVersion = 17.5.2.0
MinimumVisualStudioVersion = 10.0.40219.1
Project("{FAE04EC0-301F-11D3-BF4B-00C04F79EFBC}") = "Jan9_2026_demo_delegates", "Jan9_2026_demo_delegates.csproj", "{49AEBFC4-F6A5-2CDD-5AF4-99C537D30826}"
EndProject
Global
	GlobalSection(SolutionConfigurationPlatforms) = preSolution
		Debug|Any CPU = Debug|Any CPU
		Release|Any CPU = Release|Any CPU
	EndGlobalSection
	GlobalSection(ProjectConfigurationPlatforms) = postSolution
		{49AEBFC4-F6A5-2CDD-5AF4-99C537D30826}.Debug|Any CPU.ActiveCfg = Debug|Any CPU
		{49AEBFC4-F6A5-2CDD-5AF4-99C537D30826}.Debug|Any CPU.Build.0 = Debug|Any CPU
		{49AEBFC4-F6A5-2CDD-5AF4-99C537D30826}.Release|Any CPU.ActiveCfg = Release|Any CPU
		{49AEBFC4-F6A5-2CDD-5AF4-99C537D30826}.Release|Any CPU.Build.0 = Release|Any CPU
	EndGlobalSection
	GlobalSection(SolutionProperties) = preSolution
		HideSolutionNode = FALSE
	EndGlobalSection
	GlobalSection(ExtensibilityGlobals) = postSolution
		SolutionGuid = {106E38EB-3197-4C5B-8A7B-0AE59657A2F1}
	EndGlobalSection
EndGlobal
