Microsoft Visual Studio Solution File, Format Version 12.00
# Visual Studio Version 17
VisualStudioVersion = 17.5.2.0
MinimumVisualStudioVersion = 10.0.40219.1
Project("{FAE04EC0-301F-11D3-BF4B-00C04F79EFBC}") = "Hospital Patient Management System", "Hospital Patient Management System.csproj", "{D39792E0-6D59-5E83-297C-BD5D389DD173}"
EndProject
Global
	GlobalSection(SolutionConfigurationPlatforms) = preSolution
		Debug|Any CPU = Debug|Any CPU
		Release|Any CPU = Release|Any CPU
	EndGlobalSection
	GlobalSection(ProjectConfigurationPlatforms) = postSolution
		{D39792E0-6D59-5E83-297C-BD5D389DD173}.Debug|Any CPU.ActiveCfg = Debug|Any CPU
		{D39792E0-6D59-5E83-297C-BD5D389DD173}.Debug|Any CPU.Build.0 = Debug|Any CPU
		{D39792E0-6D59-5E83-297C-BD5D389DD173}.Release|Any CPU.ActiveCfg = Release|Any CPU
		{D39792E0-6D59-5E83-297C-BD5D389DD173}.Release|Any CPU.Build.0 = Release|Any CPU
	EndGlobalSection
	GlobalSection(SolutionProperties) = preSolution
		HideSolutionNode = FALSE
	EndGlobalSection
	GlobalSection(ExtensibilityGlobals) = postSolution
		SolutionGuid = {08B8BEB1-633A-41DB-A5D2-6D50BF987D0A}
	EndGlobalSection
EndGlobal
