Microsoft Visual Studio Solution File, Format Version 12.00
# Visual Studio Version 17
VisualStudioVersion = 17.5.2.0
MinimumVisualStudioVersion = 10.0.40219.1
Project("{FAE04EC0-301F-11D3-BF4B-00C04F79EFBC}") = "QuickMartProfitCalculator", "QuickMartProfitCalculator.csproj", "{58FDF910-CC5D-474D-9026-24C1DDB7A433}"
EndProject
Global
	GlobalSection(SolutionConfigurationPlatforms) = preSolution
		Debug|Any CPU = Debug|Any CPU
		Release|Any CPU = Release|Any CPU
	EndGlobalSection
	GlobalSection(ProjectConfigurationPlatforms) = postSolution
		{58FDF910-CC5D-474D-9026-24C1DDB7A433}.Debug|Any CPU.ActiveCfg = Debug|Any CPU
		{58FDF910-CC5D-474D-9026-24C1DDB7A433}.Debug|Any CPU.Build.0 = Debug|Any CPU
		{58FDF910-CC5D-474D-9026-24C1DDB7A433}.Release|Any CPU.ActiveCfg = Release|Any CPU
		{58FDF910-CC5D-474D-9026-24C1DDB7A433}.Release|Any CPU.Build.0 = Release|Any CPU
	EndGlobalSection
	GlobalSection(SolutionProperties) = preSolution
		HideSolutionNode = FALSE
	EndGlobalSection
	GlobalSection(ExtensibilityGlobals) = postSolution
		SolutionGuid = {B11F0B03-A16D-4326-8E43-6FBCADED4BE1}
	EndGlobalSection
EndGlobal
