Microsoft Visual Studio Solution File, Format Version 12.00
# Visual Studio Version 17
VisualStudioVersion = 17.5.2.0
MinimumVisualStudioVersion = 10.0.40219.1
Project("{FAE04EC0-301F-11D3-BF4B-00C04F79EFBC}") = "HealthSync_Advanced_Billing", "HealthSync_Advanced_Billing.csproj", "{4225D5A7-4F52-FD77-308C-DA1C0AE9E12B}"
EndProject
Global
	GlobalSection(SolutionConfigurationPlatforms) = preSolution
		Debug|Any CPU = Debug|Any CPU
		Release|Any CPU = Release|Any CPU
	EndGlobalSection
	GlobalSection(ProjectConfigurationPlatforms) = postSolution
		{4225D5A7-4F52-FD77-308C-DA1C0AE9E12B}.Debug|Any CPU.ActiveCfg = Debug|Any CPU
		{4225D5A7-4F52-FD77-308C-DA1C0AE9E12B}.Debug|Any CPU.Build.0 = Debug|Any CPU
		{4225D5A7-4F52-FD77-308C-DA1C0AE9E12B}.Release|Any CPU.ActiveCfg = Release|Any CPU
		{4225D5A7-4F52-FD77-308C-DA1C0AE9E12B}.Release|Any CPU.Build.0 = Release|Any CPU
	EndGlobalSection
	GlobalSection(SolutionProperties) = preSolution
		HideSolutionNode = FALSE
	EndGlobalSection
	GlobalSection(ExtensibilityGlobals) = postSolution
		SolutionGuid = {A5885B36-CC52-46DA-A231-3436F06B2105}
	EndGlobalSection
EndGlobal
