Microsoft Visual Studio Solution File, Format Version 12.00
# Visual Studio Version 17
VisualStudioVersion = 17.5.2.0
MinimumVisualStudioVersion = 10.0.40219.1
Project("{FAE04EC0-301F-11D3-BF4B-00C04F79EFBC}") = "nUnit_Assignment", "nUnit_Assignment.csproj", "{8FD5A950-38F7-87EB-9FE3-B7152D757B51}"
EndProject
Global
	GlobalSection(SolutionConfigurationPlatforms) = preSolution
		Debug|Any CPU = Debug|Any CPU
		Release|Any CPU = Release|Any CPU
	EndGlobalSection
	GlobalSection(ProjectConfigurationPlatforms) = postSolution
		{8FD5A950-38F7-87EB-9FE3-B7152D757B51}.Debug|Any CPU.ActiveCfg = Debug|Any CPU
		{8FD5A950-38F7-87EB-9FE3-B7152D757B51}.Debug|Any CPU.Build.0 = Debug|Any CPU
		{8FD5A950-38F7-87EB-9FE3-B7152D757B51}.Release|Any CPU.ActiveCfg = Release|Any CPU
		{8FD5A950-38F7-87EB-9FE3-B7152D757B51}.Release|Any CPU.Build.0 = Release|Any CPU
	EndGlobalSection
	GlobalSection(SolutionProperties) = preSolution
		HideSolutionNode = FALSE
	EndGlobalSection
	GlobalSection(ExtensibilityGlobals) = postSolution
		SolutionGuid = {F7C8B73E-2EEF-4D1E-9839-D6F196421236}
	EndGlobalSection
EndGlobal
