Microsoft Visual Studio Solution File, Format Version 12.00
# Visual Studio Version 17
VisualStudioVersion = 17.5.2.0
MinimumVisualStudioVersion = 10.0.40219.1
Project("{FAE04EC0-301F-11D3-BF4B-00C04F79EFBC}") = "Factory_Robot_Hazard_Analyzer", "Factory_Robot_Hazard_Analyzer.csproj", "{32AD89FE-6F7F-D644-A11C-9CAD88ABFB55}"
EndProject
Global
	GlobalSection(SolutionConfigurationPlatforms) = preSolution
		Debug|Any CPU = Debug|Any CPU
		Release|Any CPU = Release|Any CPU
	EndGlobalSection
	GlobalSection(ProjectConfigurationPlatforms) = postSolution
		{32AD89FE-6F7F-D644-A11C-9CAD88ABFB55}.Debug|Any CPU.ActiveCfg = Debug|Any CPU
		{32AD89FE-6F7F-D644-A11C-9CAD88ABFB55}.Debug|Any CPU.Build.0 = Debug|Any CPU
		{32AD89FE-6F7F-D644-A11C-9CAD88ABFB55}.Release|Any CPU.ActiveCfg = Release|Any CPU
		{32AD89FE-6F7F-D644-A11C-9CAD88ABFB55}.Release|Any CPU.Build.0 = Release|Any CPU
	EndGlobalSection
	GlobalSection(SolutionProperties) = preSolution
		HideSolutionNode = FALSE
	EndGlobalSection
	GlobalSection(ExtensibilityGlobals) = postSolution
		SolutionGuid = {D841C9B8-B2B2-4DB8-B444-D5F641AE2EB3}
	EndGlobalSection
EndGlobal
